
Microsoft Visual Studio Solution File, Format Version 12.00
# Visual Studio Version 16
VisualStudioVersion = 16.0.32106.194
MinimumVisualStudioVersion = 10.0.40219.1
Project("{FAE04EC0-301F-11D3-BF4B-00C04F79EFBC}") = "ChatWorkerServer", "ChatWorkerServer\ChatWorkerServer.csproj", "{A183E3AF-F5A1-45FB-AD20-458D7BD1D077}"
EndProject
Global
	GlobalSection(SolutionConfigurationPlatforms) = preSolution
		Debug|Any CPU = Debug|Any CPU
		Release|Any CPU = Release|Any CPU
	EndGlobalSection
	GlobalSection(ProjectConfigurationPlatforms) = postSolution
		{A183E3AF-F5A1-45FB-AD20-458D7BD1D077}.Debug|Any CPU.ActiveCfg = Debug|Any CPU
		{A183E3AF-F5A1-45FB-AD20-458D7BD1D077}.Debug|Any CPU.Build.0 = Debug|Any CPU
		{A183E3AF-F5A1-45FB-AD20-458D7BD1D077}.Release|Any CPU.ActiveCfg = Release|Any CPU
		{A183E3AF-F5A1-45FB-AD20-458D7BD1D077}.Release|Any CPU.Build.0 = Release|Any CPU
	EndGlobalSection
	GlobalSection(SolutionProperties) = preSolution
		HideSolutionNode = FALSE
	EndGlobalSection
	GlobalSection(ExtensibilityGlobals) = postSolution
		SolutionGuid = {2969C11D-F5D4-48D9-A4BB-1306623671E3}
	EndGlobalSection
EndGlobal
